
Microsoft Visual Studio Solution File, Format Version 12.00
# Visual Studio Version 17
VisualStudioVersion = 17.7.34031.279
MinimumVisualStudioVersion = 10.0.40219.1
Project("{8BC9CEB8-8B4A-11D0-8D11-00A0C91BC942}") = "ConsoleApplication4", "ConsoleApplication4\ConsoleApplication4.vcxproj", "{321B9953-00AD-4C0B-9EEB-86D02B525C4E}"
EndProject
Global
	GlobalSection(SolutionConfigurationPlatforms) = preSolution
		Debug|x64 = Debug|x64
		Debug|x86 = Debug|x86
		Release|x64 = Release|x64
		Release|x86 = Release|x86
	EndGlobalSection
	GlobalSection(ProjectConfigurationPlatforms) = postSolution
		{321B9953-00AD-4C0B-9EEB-86D02B525C4E}.Debug|x64.ActiveCfg = Debug|x64
		{321B9953-00AD-4C0B-9EEB-86D02B525C4E}.Debug|x64.Build.0 = Debug|x64
		{321B9953-00AD-4C0B-9EEB-86D02B525C4E}.Debug|x86.ActiveCfg = Debug|Win32
		{321B9953-00AD-4C0B-9EEB-86D02B525C4E}.Debug|x86.Build.0 = Debug|Win32
		{321B9953-00AD-4C0B-9EEB-86D02B525C4E}.Release|x64.ActiveCfg = Release|x64
		{321B9953-00AD-4C0B-9EEB-86D02B525C4E}.Release|x64.Build.0 = Release|x64
		{321B9953-00AD-4C0B-9EEB-86D02B525C4E}.Release|x86.ActiveCfg = Release|Win32
		{321B9953-00AD-4C0B-9EEB-86D02B525C4E}.Release|x86.Build.0 = Release|Win32
	EndGlobalSection
	GlobalSection(SolutionProperties) = preSolution
		HideSolutionNode = FALSE
	EndGlobalSection
	GlobalSection(ExtensibilityGlobals) = postSolution
		SolutionGuid = {CAB6DA48-476A-407D-BC0E-F2685D4FA982}
	EndGlobalSection
EndGlobal
